
Microsoft Visual Studio Solution File, Format Version 12.00
# Visual Studio Version 17
VisualStudioVersion = 17.8.34309.116
MinimumVisualStudioVersion = 10.0.40219.1
Project("{FAE04EC0-301F-11D3-BF4B-00C04F79EFBC}") = "DevFreelaCQRS.API", "DevFreelaCQRS\DevFreelaCQRS.API.csproj", "{EC152B20-8D7A-49F8-995B-6A701ED8F3B1}"
EndProject
Project("{FAE04EC0-301F-11D3-BF4B-00C04F79EFBC}") = "DevFreelaCQRS.Core", "DevFreelaCQRS.Core\DevFreelaCQRS.Core.csproj", "{67AEA48D-2F83-41FB-8923-77B2DF0F6BF9}"
EndProject
Project("{FAE04EC0-301F-11D3-BF4B-00C04F79EFBC}") = "DevFreelaCQRS.Infrastructure", "DevFreelaCQRS.Infrastructure\DevFreelaCQRS.Infrastructure.csproj", "{8C44AE19-5295-4169-BBA8-E453FDD3A6ED}"
EndProject
Global
	GlobalSection(SolutionConfigurationPlatforms) = preSolution
		Debug|Any CPU = Debug|Any CPU
		Release|Any CPU = Release|Any CPU
	EndGlobalSection
	GlobalSection(ProjectConfigurationPlatforms) = postSolution
		{EC152B20-8D7A-49F8-995B-6A701ED8F3B1}.Debug|Any CPU.ActiveCfg = Debug|Any CPU
		{EC152B20-8D7A-49F8-995B-6A701ED8F3B1}.Debug|Any CPU.Build.0 = Debug|Any CPU
		{EC152B20-8D7A-49F8-995B-6A701ED8F3B1}.Release|Any CPU.ActiveCfg = Release|Any CPU
		{EC152B20-8D7A-49F8-995B-6A701ED8F3B1}.Release|Any CPU.Build.0 = Release|Any CPU
		{67AEA48D-2F83-41FB-8923-77B2DF0F6BF9}.Debug|Any CPU.ActiveCfg = Debug|Any CPU
		{67AEA48D-2F83-41FB-8923-77B2DF0F6BF9}.Debug|Any CPU.Build.0 = Debug|Any CPU
		{67AEA48D-2F83-41FB-8923-77B2DF0F6BF9}.Release|Any CPU.ActiveCfg = Release|Any CPU
		{67AEA48D-2F83-41FB-8923-77B2DF0F6BF9}.Release|Any CPU.Build.0 = Release|Any CPU
		{8C44AE19-5295-4169-BBA8-E453FDD3A6ED}.Debug|Any CPU.ActiveCfg = Debug|Any CPU
		{8C44AE19-5295-4169-BBA8-E453FDD3A6ED}.Debug|Any CPU.Build.0 = Debug|Any CPU
		{8C44AE19-5295-4169-BBA8-E453FDD3A6ED}.Release|Any CPU.ActiveCfg = Release|Any CPU
		{8C44AE19-5295-4169-BBA8-E453FDD3A6ED}.Release|Any CPU.Build.0 = Release|Any CPU
	EndGlobalSection
	GlobalSection(SolutionProperties) = preSolution
		HideSolutionNode = FALSE
	EndGlobalSection
	GlobalSection(ExtensibilityGlobals) = postSolution
		SolutionGuid = {1B748344-128A-467F-99B5-8E28E8E6F236}
	EndGlobalSection
EndGlobal
